
Microsoft Visual Studio Solution File, Format Version 12.00
# Visual Studio Version 16
VisualStudioVersion = 16.0.29926.136
MinimumVisualStudioVersion = 10.0.40219.1
Project("{9A19103F-16F7-4668-BE54-9A1E7A4F7556}") = "SuperLogs.Api", "SuperLogs.Api\SuperLogs.Api.csproj", "{C7DE9CE1-5192-48BA-B800-27C862AD6EEC}"
EndProject
Project("{9A19103F-16F7-4668-BE54-9A1E7A4F7556}") = "SuperLogs.Model", "SuperLogs.Model\SuperLogs.Model.csproj", "{9FF8A3E9-7B18-4874-B138-ABB170E85730}"
EndProject
Project("{9A19103F-16F7-4668-BE54-9A1E7A4F7556}") = "SuperLogs.Service", "SuperLogs.Service\SuperLogs.Service.csproj", "{3C2CB020-5C9C-44FA-90CC-7766549476EA}"
EndProject
Project("{FAE04EC0-301F-11D3-BF4B-00C04F79EFBC}") = "SuperLogs.Transport", "SuperLogs.Transport\SuperLogs.Transport.csproj", "{73696C4F-8145-4C98-929F-D78BD824CC6B}"
EndProject
Global
	GlobalSection(SolutionConfigurationPlatforms) = preSolution
		Debug|Any CPU = Debug|Any CPU
		Release|Any CPU = Release|Any CPU
	EndGlobalSection
	GlobalSection(ProjectConfigurationPlatforms) = postSolution
		{C7DE9CE1-5192-48BA-B800-27C862AD6EEC}.Debug|Any CPU.ActiveCfg = Debug|Any CPU
		{C7DE9CE1-5192-48BA-B800-27C862AD6EEC}.Debug|Any CPU.Build.0 = Debug|Any CPU
		{C7DE9CE1-5192-48BA-B800-27C862AD6EEC}.Release|Any CPU.ActiveCfg = Release|Any CPU
		{C7DE9CE1-5192-48BA-B800-27C862AD6EEC}.Release|Any CPU.Build.0 = Release|Any CPU
		{9FF8A3E9-7B18-4874-B138-ABB170E85730}.Debug|Any CPU.ActiveCfg = Debug|Any CPU
		{9FF8A3E9-7B18-4874-B138-ABB170E85730}.Debug|Any CPU.Build.0 = Debug|Any CPU
		{9FF8A3E9-7B18-4874-B138-ABB170E85730}.Release|Any CPU.ActiveCfg = Release|Any CPU
		{9FF8A3E9-7B18-4874-B138-ABB170E85730}.Release|Any CPU.Build.0 = Release|Any CPU
		{3C2CB020-5C9C-44FA-90CC-7766549476EA}.Debug|Any CPU.ActiveCfg = Debug|Any CPU
		{3C2CB020-5C9C-44FA-90CC-7766549476EA}.Debug|Any CPU.Build.0 = Debug|Any CPU
		{3C2CB020-5C9C-44FA-90CC-7766549476EA}.Release|Any CPU.ActiveCfg = Release|Any CPU
		{3C2CB020-5C9C-44FA-90CC-7766549476EA}.Release|Any CPU.Build.0 = Release|Any CPU
		{73696C4F-8145-4C98-929F-D78BD824CC6B}.Debug|Any CPU.ActiveCfg = Debug|Any CPU
		{73696C4F-8145-4C98-929F-D78BD824CC6B}.Debug|Any CPU.Build.0 = Debug|Any CPU
		{73696C4F-8145-4C98-929F-D78BD824CC6B}.Release|Any CPU.ActiveCfg = Release|Any CPU
		{73696C4F-8145-4C98-929F-D78BD824CC6B}.Release|Any CPU.Build.0 = Release|Any CPU
	EndGlobalSection
	GlobalSection(SolutionProperties) = preSolution
		HideSolutionNode = FALSE
	EndGlobalSection
	GlobalSection(ExtensibilityGlobals) = postSolution
		SolutionGuid = {11547498-DD26-4C14-B3BF-831040599DB7}
	EndGlobalSection
EndGlobal
